github.com/zichouu/go-pkg v0.3.2 h1:yaI0tFCNytasbp1EuVxw7gtxbZ/bCYMpbpuFjKRk9aQ=
github.com/zichouu/go-pkg v0.3.2/go.mod h1:Ljorfq0e00tNU0r6o6/XcFA/UIYVlKNxGkHRBEeqW0M=
golang.org/x/sync v0.19.0 h1:vV+1eWNmZ5geRlYjzm2adRgW2/mcpevXNg50YZtPCE4=
golang.org/x/sync v0.19.0/go.mod h1:9KTHXmSnoGruLpwFjVSX0lNNA75CykiMECbovNTZqGI=
